
Microsoft Visual Studio Solution File, Format Version 12.00
# Visual Studio Version 17
VisualStudioVersion = 17.5.33627.172
MinimumVisualStudioVersion = 10.0.40219.1
Project("{9A19103F-16F7-4668-BE54-9A1E7A4F7556}") = "GalaxyClinic", "GalaxyClinic\GalaxyClinic.csproj", "{333C2278-4B89-478B-8F73-ED7B7F9F786E}"
EndProject
Project("{9A19103F-16F7-4668-BE54-9A1E7A4F7556}") = "DataProvider", "DataProvider\DataProvider.csproj", "{63F19DA4-2182-41E2-B140-A75C817ADC2D}"
EndProject
Project("{9A19103F-16F7-4668-BE54-9A1E7A4F7556}") = "DataAccess", "DataAccess\DataAccess.csproj", "{4E3AF5ED-65A7-41F1-A561-30B76AB7663B}"
EndProject
Project("{9A19103F-16F7-4668-BE54-9A1E7A4F7556}") = "Models", "Models\Models.csproj", "{F07CBFCF-9654-4C81-812B-631F8DB95EFA}"
EndProject
Project("{FAE04EC0-301F-11D3-BF4B-00C04F79EFBC}") = "Infrastructure", "Infrastructure\Infrastructure.csproj", "{FA972709-771F-4A9E-8F18-D10D419B8A72}"
EndProject
Global
	GlobalSection(SolutionConfigurationPlatforms) = preSolution
		Debug|Any CPU = Debug|Any CPU
		Release|Any CPU = Release|Any CPU
	EndGlobalSection
	GlobalSection(ProjectConfigurationPlatforms) = postSolution
		{333C2278-4B89-478B-8F73-ED7B7F9F786E}.Debug|Any CPU.ActiveCfg = Debug|Any CPU
		{333C2278-4B89-478B-8F73-ED7B7F9F786E}.Debug|Any CPU.Build.0 = Debug|Any CPU
		{333C2278-4B89-478B-8F73-ED7B7F9F786E}.Release|Any CPU.ActiveCfg = Release|Any CPU
		{333C2278-4B89-478B-8F73-ED7B7F9F786E}.Release|Any CPU.Build.0 = Release|Any CPU
		{63F19DA4-2182-41E2-B140-A75C817ADC2D}.Debug|Any CPU.ActiveCfg = Debug|Any CPU
		{63F19DA4-2182-41E2-B140-A75C817ADC2D}.Debug|Any CPU.Build.0 = Debug|Any CPU
		{63F19DA4-2182-41E2-B140-A75C817ADC2D}.Release|Any CPU.ActiveCfg = Release|Any CPU
		{63F19DA4-2182-41E2-B140-A75C817ADC2D}.Release|Any CPU.Build.0 = Release|Any CPU
		{4E3AF5ED-65A7-41F1-A561-30B76AB7663B}.Debug|Any CPU.ActiveCfg = Debug|Any CPU
		{4E3AF5ED-65A7-41F1-A561-30B76AB7663B}.Debug|Any CPU.Build.0 = Debug|Any CPU
		{4E3AF5ED-65A7-41F1-A561-30B76AB7663B}.Release|Any CPU.ActiveCfg = Release|Any CPU
		{4E3AF5ED-65A7-41F1-A561-30B76AB7663B}.Release|Any CPU.Build.0 = Release|Any CPU
		{F07CBFCF-9654-4C81-812B-631F8DB95EFA}.Debug|Any CPU.ActiveCfg = Debug|Any CPU
		{F07CBFCF-9654-4C81-812B-631F8DB95EFA}.Debug|Any CPU.Build.0 = Debug|Any CPU
		{F07CBFCF-9654-4C81-812B-631F8DB95EFA}.Release|Any CPU.ActiveCfg = Release|Any CPU
		{F07CBFCF-9654-4C81-812B-631F8DB95EFA}.Release|Any CPU.Build.0 = Release|Any CPU
		{FA972709-771F-4A9E-8F18-D10D419B8A72}.Debug|Any CPU.ActiveCfg = Debug|Any CPU
		{FA972709-771F-4A9E-8F18-D10D419B8A72}.Debug|Any CPU.Build.0 = Debug|Any CPU
		{FA972709-771F-4A9E-8F18-D10D419B8A72}.Release|Any CPU.ActiveCfg = Release|Any CPU
		{FA972709-771F-4A9E-8F18-D10D419B8A72}.Release|Any CPU.Build.0 = Release|Any CPU
	EndGlobalSection
	GlobalSection(SolutionProperties) = preSolution
		HideSolutionNode = FALSE
	EndGlobalSection
	GlobalSection(ExtensibilityGlobals) = postSolution
		SolutionGuid = {3B96E23D-E0FC-4C82-8486-9152A9897DA2}
	EndGlobalSection
EndGlobal
